<<<<<<< HEAD
﻿
Microsoft Visual Studio Solution File, Format Version 12.00
# Visual Studio Version 17
VisualStudioVersion = 17.8.34525.116
MinimumVisualStudioVersion = 10.0.40219.1
Project("{FAE04EC0-301F-11D3-BF4B-00C04F79EFBC}") = "Revit-Plugin", "Plugin\Revit-Plugin.csproj", "{2A87F063-F600-429B-A670-C473F23E9D77}"
EndProject
Global
	GlobalSection(SolutionConfigurationPlatforms) = preSolution
		Debug|Any CPU = Debug|Any CPU
		Release|Any CPU = Release|Any CPU
	EndGlobalSection
	GlobalSection(ProjectConfigurationPlatforms) = postSolution
		{2A87F063-F600-429B-A670-C473F23E9D77}.Debug|Any CPU.ActiveCfg = Debug|Any CPU
		{2A87F063-F600-429B-A670-C473F23E9D77}.Debug|Any CPU.Build.0 = Debug|Any CPU
		{2A87F063-F600-429B-A670-C473F23E9D77}.Release|Any CPU.ActiveCfg = Release|Any CPU
		{2A87F063-F600-429B-A670-C473F23E9D77}.Release|Any CPU.Build.0 = Release|Any CPU
	EndGlobalSection
	GlobalSection(SolutionProperties) = preSolution
		HideSolutionNode = FALSE
	EndGlobalSection
	GlobalSection(ExtensibilityGlobals) = postSolution
		SolutionGuid = {3D031445-D5A5-41D1-B427-720E10D6CBCE}
	EndGlobalSection
EndGlobal
=======
﻿
Microsoft Visual Studio Solution File, Format Version 12.00
# Visual Studio Version 17
VisualStudioVersion = 17.8.34525.116
MinimumVisualStudioVersion = 10.0.40219.1
Project("{FAE04EC0-301F-11D3-BF4B-00C04F79EFBC}") = "Revit-Plugin", "Plugin\Revit-Plugin.csproj", "{2A87F063-F600-429B-A670-C473F23E9D77}"
EndProject
Global
	GlobalSection(SolutionConfigurationPlatforms) = preSolution
		Debug|Any CPU = Debug|Any CPU
		Release|Any CPU = Release|Any CPU
	EndGlobalSection
	GlobalSection(ProjectConfigurationPlatforms) = postSolution
		{2A87F063-F600-429B-A670-C473F23E9D77}.Debug|Any CPU.ActiveCfg = Debug|Any CPU
		{2A87F063-F600-429B-A670-C473F23E9D77}.Debug|Any CPU.Build.0 = Debug|Any CPU
		{2A87F063-F600-429B-A670-C473F23E9D77}.Release|Any CPU.ActiveCfg = Release|Any CPU
		{2A87F063-F600-429B-A670-C473F23E9D77}.Release|Any CPU.Build.0 = Release|Any CPU
	EndGlobalSection
	GlobalSection(SolutionProperties) = preSolution
		HideSolutionNode = FALSE
	EndGlobalSection
	GlobalSection(ExtensibilityGlobals) = postSolution
		SolutionGuid = {3D031445-D5A5-41D1-B427-720E10D6CBCE}
	EndGlobalSection
EndGlobal
>>>>>>> df9d18eefb07f6425ffd24c7822836ce112a4e96
